
Microsoft Visual Studio Solution File, Format Version 12.00
# Visual Studio Version 16
VisualStudioVersion = 16.0.28922.388
MinimumVisualStudioVersion = 10.0.40219.1
Project("{FAE04EC0-301F-11D3-BF4B-00C04F79EFBC}") = "XJY2EAS", "XJY2EAS\XJY2EAS.csproj", "{8A33B160-C73A-4FCD-A5AD-549F6895C6F7}"
EndProject
Project("{FAE04EC0-301F-11D3-BF4B-00C04F79EFBC}") = "ParadoxReader", "ParadoxReader\ParadoxReader.csproj", "{8D3ADF35-FE64-4BA5-A3BC-955B912ADA9B}"
EndProject
Global
	GlobalSection(SolutionConfigurationPlatforms) = preSolution
		Debug|Any CPU = Debug|Any CPU
		Release|Any CPU = Release|Any CPU
	EndGlobalSection
	GlobalSection(ProjectConfigurationPlatforms) = postSolution
		{8A33B160-C73A-4FCD-A5AD-549F6895C6F7}.Debug|Any CPU.ActiveCfg = Debug|Any CPU
		{8A33B160-C73A-4FCD-A5AD-549F6895C6F7}.Debug|Any CPU.Build.0 = Debug|Any CPU
		{8A33B160-C73A-4FCD-A5AD-549F6895C6F7}.Release|Any CPU.ActiveCfg = Release|Any CPU
		{8A33B160-C73A-4FCD-A5AD-549F6895C6F7}.Release|Any CPU.Build.0 = Release|Any CPU
		{8D3ADF35-FE64-4BA5-A3BC-955B912ADA9B}.Debug|Any CPU.ActiveCfg = Debug|Any CPU
		{8D3ADF35-FE64-4BA5-A3BC-955B912ADA9B}.Debug|Any CPU.Build.0 = Debug|Any CPU
		{8D3ADF35-FE64-4BA5-A3BC-955B912ADA9B}.Release|Any CPU.ActiveCfg = Release|Any CPU
		{8D3ADF35-FE64-4BA5-A3BC-955B912ADA9B}.Release|Any CPU.Build.0 = Release|Any CPU
	EndGlobalSection
	GlobalSection(SolutionProperties) = preSolution
		HideSolutionNode = FALSE
	EndGlobalSection
	GlobalSection(ExtensibilityGlobals) = postSolution
		SolutionGuid = {92EE33CC-FEBB-4C65-8372-DE5582B5DC50}
	EndGlobalSection
EndGlobal
